// !$*UTF8*$!
{
	archiveVersion = 1;
	classes = {
	};
	objectVersion = 46;
	objects = {

/* Begin PBXBuildFile section */
		2FD740961C3440BA0059751B /* EmojiKit.h in Headers */ = {isa = PBXBuildFile; fileRef = 2FD740951C3440BA0059751B /* EmojiKit.h */; settings = {ATTRIBUTES = (Public, ); }; };
		2FD7409E1C3441700059751B /* AllEmoji.json in Resources */ = {isa = PBXBuildFile; fileRef = 2FD7409D1C3441700059751B /* AllEmoji.json */; };
		2FD740A21C3441780059751B /* DictionarySerialization.swift in Sources */ = {isa = PBXBuildFile; fileRef = 2FD7409F1C3441780059751B /* DictionarySerialization.swift */; };
		2FD740A31C3441780059751B /* Emoji.swift in Sources */ = {isa = PBXBuildFile; fileRef = 2FD740A01C3441780059751B /* Emoji.swift */; };
		2FD740A41C3441780059751B /* EmojiFetcher.swift in Sources */ = {isa = PBXBuildFile; fileRef = 2FD740A11C3441780059751B /* EmojiFetcher.swift */; };
/* End PBXBuildFile section */

/* Begin PBXFileReference section */
		2FD740921C3440BA0059751B /* EmojiKit.framework */ = {isa = PBXFileReference; explicitFileType = wrapper.framework; includeInIndex = 0; path = EmojiKit.framework; sourceTree = BUILT_PRODUCTS_DIR; };
		2FD740951C3440BA0059751B /* EmojiKit.h */ = {isa = PBXFileReference; lastKnownFileType = sourcecode.c.h; path = EmojiKit.h; sourceTree = "<group>"; };
		2FD740971C3440BA0059751B /* Info.plist */ = {isa = PBXFileReference; lastKnownFileType = text.plist.xml; path = Info.plist; sourceTree = "<group>"; };
		2FD7409D1C3441700059751B /* AllEmoji.json */ = {isa = PBXFileReference; fileEncoding = 4; lastKnownFileType = text.json; path = AllEmoji.json; sourceTree = SOURCE_ROOT; };
		2FD7409F1C3441780059751B /* DictionarySerialization.swift */ = {isa = PBXFileReference; fileEncoding = 4; lastKnownFileType = sourcecode.swift; path = DictionarySerialization.swift; sourceTree = "<group>"; };
		2FD740A01C3441780059751B /* Emoji.swift */ = {isa = PBXFileReference; fileEncoding = 4; lastKnownFileType = sourcecode.swift; path = Emoji.swift; sourceTree = "<group>"; };
		2FD740A11C3441780059751B /* EmojiFetcher.swift */ = {isa = PBXFileReference; fileEncoding = 4; lastKnownFileType = sourcecode.swift; path = EmojiFetcher.swift; sourceTree = "<group>"; };
/* End PBXFileReference section */

/* Begin PBXFrameworksBuildPhase section */
		2FD7408E1C3440BA0059751B /* Frameworks */ = {
			isa = PBXFrameworksBuildPhase;
			buildActionMask = 2147483647;
			files = (
			);
			runOnlyForDeploymentPostprocessing = 0;
		};
/* End PBXFrameworksBuildPhase section */

/* Begin PBXGroup section */
		2FD740881C3440BA0059751B = {
			isa = PBXGroup;
			children = (
				2FD740941C3440BA0059751B /* EmojiKit */,
				2FD740931C3440BA0059751B /* Products */,
			);
			sourceTree = "<group>";
		};
		2FD740931C3440BA0059751B /* Products */ = {
			isa = PBXGroup;
			children = (
				2FD740921C3440BA0059751B /* EmojiKit.framework */,
			);
			name = Products;
			sourceTree = "<group>";
		};
		2FD740941C3440BA0059751B /* EmojiKit */ = {
			isa = PBXGroup;
			children = (
				2FD7409F1C3441780059751B /* DictionarySerialization.swift */,
				2FD740A01C3441780059751B /* Emoji.swift */,
				2FD740A11C3441780059751B /* EmojiFetcher.swift */,
				2FD740951C3440BA0059751B /* EmojiKit.h */,
				2FD7409D1C3441700059751B /* AllEmoji.json */,
				2FD740971C3440BA0059751B /* Info.plist */,
			);
			path = EmojiKit;
			sourceTree = "<group>";
		};
/* End PBXGroup section */

/* Begin PBXHeadersBuildPhase section */
		2FD7408F1C3440BA0059751B /* Headers */ = {
			isa = PBXHeadersBuildPhase;
			buildActionMask = 2147483647;
			files = (
				2FD740961C3440BA0059751B /* EmojiKit.h in Headers */,
			);
			runOnlyForDeploymentPostprocessing = 0;
		};
/* End PBXHeadersBuildPhase section */

/* Begin PBXNativeTarget section */
		2FD740911C3440BA0059751B /* EmojiKit */ = {
			isa = PBXNativeTarget;
			buildConfigurationList = 2FD7409A1C3440BA0059751B /* Build configuration list for PBXNativeTarget "EmojiKit" */;
			buildPhases = (
				2FD7408D1C3440BA0059751B /* Sources */,
				2FD7408E1C3440BA0059751B /* Frameworks */,
				2FD7408F1C3440BA0059751B /* Headers */,
				2FD740901C3440BA0059751B /* Resources */,
			);
			buildRules = (
			);
			dependencies = (
			);
			name = EmojiKit;
			productName = EmojiKit;
			productReference = 2FD740921C3440BA0059751B /* EmojiKit.framework */;
			productType = "com.apple.product-type.framework";
		};
/* End PBXNativeTarget section */

/* Begin PBXProject section */
		2FD740891C3440BA0059751B /* Project object */ = {
			isa = PBXProject;
			attributes = {
				LastUpgradeCheck = 0720;
				ORGANIZATIONNAME = "Dastronics Inc.";
				TargetAttributes = {
					2FD740911C3440BA0059751B = {
						CreatedOnToolsVersion = 7.2;
						LastSwiftMigration = 0820;
					};
				};
			};
			buildConfigurationList = 2FD7408C1C3440BA0059751B /* Build configuration list for PBXProject "EmojiKit" */;
			compatibilityVersion = "Xcode 3.2";
			developmentRegion = English;
			hasScannedForEncodings = 0;
			knownRegions = (
				en,
			);
			mainGroup = 2FD740881C3440BA0059751B;
			productRefGroup = 2FD740931C3440BA0059751B /* Products */;
			projectDirPath = "";
			projectRoot = "";
			targets = (
				2FD740911C3440BA0059751B /* EmojiKit */,
			);
		};
/* End PBXProject section */

/* Begin PBXResourcesBuildPhase section */
		2FD740901C3440BA0059751B /* Resources */ = {
			isa = PBXResourcesBuildPhase;
			buildActionMask = 2147483647;
			files = (
				2FD7409E1C3441700059751B /* AllEmoji.json in Resources */,
			);
			runOnlyForDeploymentPostprocessing = 0;
		};
/* End PBXResourcesBuildPhase section */

/* Begin PBXSourcesBuildPhase section */
		2FD7408D1C3440BA0059751B /* Sources */ = {
			isa = PBXSourcesBuildPhase;
			buildActionMask = 2147483647;
			files = (
				2FD740A41C3441780059751B /* EmojiFetcher.swift in Sources */,
				2FD740A31C3441780059751B /* Emoji.swift in Sources */,
				2FD740A21C3441780059751B /* DictionarySerialization.swift in Sources */,
			);
			runOnlyForDeploymentPostprocessing = 0;
		};
/* End PBXSourcesBuildPhase section */

/* Begin XCBuildConfiguration section */
		2FD740981C3440BA0059751B /* Debug */ = {
			isa = XCBuildConfiguration;
			buildSettings = {
				ALWAYS_SEARCH_USER_PATHS = NO;
				CLANG_CXX_LANGUAGE_STANDARD = "gnu++0x";
				CLANG_CXX_LIBRARY = "libc++";
				CLANG_ENABLE_MODULES = YES;
				CLANG_ENABLE_OBJC_ARC = YES;
				CLANG_WARN_BOOL_CONVERSION = YES;
				CLANG_WARN_CONSTANT_CONVERSION = YES;
				CLANG_WARN_DIRECT_OBJC_ISA_USAGE = YES_ERROR;
				CLANG_WARN_EMPTY_BODY = YES;
				CLANG_WARN_ENUM_CONVERSION = YES;
				CLANG_WARN_INT_CONVERSION = YES;
				CLANG_WARN_OBJC_ROOT_CLASS = YES_ERROR;
				CLANG_WARN_UNREACHABLE_CODE = YES;
				CLANG_WARN__DUPLICATE_METHOD_MATCH = YES;
				"CODE_SIGN_IDENTITY[sdk=iphoneos*]" = "iPhone Developer";
				COPY_PHASE_STRIP = NO;
				CURRENT_PROJECT_VERSION = 1;
				DEBUG_INFORMATION_FORMAT = dwarf;
				ENABLE_STRICT_OBJC_MSGSEND = YES;
				ENABLE_TESTABILITY = YES;
				GCC_C_LANGUAGE_STANDARD = gnu99;
				GCC_DYNAMIC_NO_PIC = NO;
				GCC_NO_COMMON_BLOCKS = YES;
				GCC_OPTIMIZATION_LEVEL = 0;
				GCC_PREPROCESSOR_DEFINITIONS = (
					"DEBUG=1",
					"$(inherited)",
				);
				GCC_WARN_64_TO_32_BIT_CONVERSION = YES;
				GCC_WARN_ABOUT_RETURN_TYPE = YES_ERROR;
				GCC_WARN_UNDECLARED_SELECTOR = YES;
				GCC_WARN_UNINITIALIZED_AUTOS = YES_AGGRESSIVE;
				GCC_WARN_UNUSED_FUNCTION = YES;
				GCC_WARN_UNUSED_VARIABLE = YES;
				IPHONEOS_DEPLOYMENT_TARGET = 9.2;
				MTL_ENABLE_DEBUG_INFO = YES;
				ONLY_ACTIVE_ARCH = YES;
				SDKROOT = iphoneos;
				SWIFT_OPTIMIZATION_LEVEL = "-Onone";
				TARGETED_DEVICE_FAMILY = "1,2";
				VERSIONING_SYSTEM = "apple-generic";
				VERSION_INFO_PREFIX = "";
			};
			name = Debug;
		};
		2FD740991C3440BA0059751B /* Release */ = {
			isa = XCBuildConfiguration;
			buildSettings = {
				ALWAYS_SEARCH_USER_PATHS = NO;
				CLANG_CXX_LANGUAGE_STANDARD = "gnu++0x";
				CLANG_CXX_LIBRARY = "libc++";
				CLANG_ENABLE_MODULES = YES;
				CLANG_ENABLE_OBJC_ARC = YES;
				CLANG_WARN_BOOL_CONVERSION = YES;
				CLANG_WARN_CONSTANT_CONVERSION = YES;
				CLANG_WARN_DIRECT_OBJC_ISA_USAGE = YES_ERROR;
				CLANG_WARN_EMPTY_BODY = YES;
				CLANG_WARN_ENUM_CONVERSION = YES;
				CLANG_WARN_INT_CONVERSION = YES;
				CLANG_WARN_OBJC_ROOT_CLASS = YES_ERROR;
				CLANG_WARN_UNREACHABLE_CODE = YES;
				CLANG_WARN__DUPLICATE_METHOD_MATCH = YES;
				"CODE_SIGN_IDENTITY[sdk=iphoneos*]" = "iPhone Developer";
				COPY_PHASE_STRIP = NO;
				CURRENT_PROJECT_VERSION = 1;
				DEBUG_INFORMATION_FORMAT = "dwarf-with-dsym";
				ENABLE_NS_ASSERTIONS = NO;
				ENABLE_STRICT_OBJC_MSGSEND = YES;
				GCC_C_LANGUAGE_STANDARD = gnu99;
				GCC_NO_COMMON_BLOCKS = YES;
				GCC_WARN_64_TO_32_BIT_CONVERSION = YES;
				GCC_WARN_ABOUT_RETURN_TYPE = YES_ERROR;
				GCC_WARN_UNDECLARED_SELECTOR = YES;
				GCC_WARN_UNINITIALIZED_AUTOS = YES_AGGRESSIVE;
				GCC_WARN_UNUSED_FUNCTION = YES;
				GCC_WARN_UNUSED_VARIABLE = YES;
				IPHONEOS_DEPLOYMENT_TARGET = 9.2;
				MTL_ENABLE_DEBUG_INFO = NO;
				SDKROOT = iphoneos;
				TARGETED_DEVICE_FAMILY = "1,2";
				VALIDATE_PRODUCT = YES;
				VERSIONING_SYSTEM = "apple-generic";
				VERSION_INFO_PREFIX = "";
			};
			name = Release;
		};
		2FD7409B1C3440BA0059751B /* Debug */ = {
			isa = XCBuildConfiguration;
			buildSettings = {
				APPLICATION_EXTENSION_API_ONLY = YES;
				CLANG_ENABLE_MODULES = YES;
				DEFINES_MODULE = YES;
				DYLIB_COMPATIBILITY_VERSION = 1;
				DYLIB_CURRENT_VERSION = 1;
				DYLIB_INSTALL_NAME_BASE = "@rpath";
				INFOPLIST_FILE = EmojiKit/Info.plist;
				INSTALL_PATH = "$(LOCAL_LIBRARY_DIR)/Frameworks";
				IPHONEOS_DEPLOYMENT_TARGET = 8.0;
				LD_RUNPATH_SEARCH_PATHS = "$(inherited) @executable_path/Frameworks @loader_path/Frameworks";
				PRODUCT_BUNDLE_IDENTIFIER = com.dastronics.EmojiKit;
				PRODUCT_NAME = "$(TARGET_NAME)";
				SKIP_INSTALL = YES;
				SWIFT_OPTIMIZATION_LEVEL = "-Onone";
				SWIFT_VERSION = 3.0;
			};
			name = Debug;
		};
		2FD7409C1C3440BA0059751B /* Release */ = {
			isa = XCBuildConfiguration;
			buildSettings = {
				APPLICATION_EXTENSION_API_ONLY = YES;
				CLANG_ENABLE_MODULES = YES;
				DEFINES_MODULE = YES;
				DYLIB_COMPATIBILITY_VERSION = 1;
				DYLIB_CURRENT_VERSION = 1;
				DYLIB_INSTALL_NAME_BASE = "@rpath";
				INFOPLIST_FILE = EmojiKit/Info.plist;
				INSTALL_PATH = "$(LOCAL_LIBRARY_DIR)/Frameworks";
				IPHONEOS_DEPLOYMENT_TARGET = 8.0;
				LD_RUNPATH_SEARCH_PATHS = "$(inherited) @executable_path/Frameworks @loader_path/Frameworks";
				PRODUCT_BUNDLE_IDENTIFIER = com.dastronics.EmojiKit;
				PRODUCT_NAME = "$(TARGET_NAME)";
				SKIP_INSTALL = YES;
				SWIFT_VERSION = 3.0;
			};
			name = Release;
		};
/* End XCBuildConfiguration section */

/* Begin XCConfigurationList section */
		2FD7408C1C3440BA0059751B /* Build configuration list for PBXProject "EmojiKit" */ = {
			isa = XCConfigurationList;
			buildConfigurations = (
				2FD740981C3440BA0059751B /* Debug */,
				2FD740991C3440BA0059751B /* Release */,
			);
			defaultConfigurationIsVisible = 0;
			defaultConfigurationName = Release;
		};
		2FD7409A1C3440BA0059751B /* Build configuration list for PBXNativeTarget "EmojiKit" */ = {
			isa = XCConfigurationList;
			buildConfigurations = (
				2FD7409B1C3440BA0059751B /* Debug */,
				2FD7409C1C3440BA0059751B /* Release */,
			);
			defaultConfigurationIsVisible = 0;
			defaultConfigurationName = Release;
		};
/* End XCConfigurationList section */
	};
	rootObject = 2FD740891C3440BA0059751B /* Project object */;
}
